
Microsoft Visual Studio Solution File, Format Version 12.00
# Visual Studio Version 17
VisualStudioVersion = 17.7.34221.43
MinimumVisualStudioVersion = 10.0.40219.1
Project("{9A19103F-16F7-4668-BE54-9A1E7A4F7556}") = "sample_csharp", "sample_csharp.csproj", "{B6F15B52-3CCD-40AF-9408-9A49B2A8A1CB}"
EndProject
Global
	GlobalSection(SolutionConfigurationPlatforms) = preSolution
		Debug|Any CPU = Debug|Any CPU
		Release|Any CPU = Release|Any CPU
	EndGlobalSection
	GlobalSection(ProjectConfigurationPlatforms) = postSolution
		{B6F15B52-3CCD-40AF-9408-9A49B2A8A1CB}.Debug|Any CPU.ActiveCfg = Debug|Any CPU
		{B6F15B52-3CCD-40AF-9408-9A49B2A8A1CB}.Debug|Any CPU.Build.0 = Debug|Any CPU
		{B6F15B52-3CCD-40AF-9408-9A49B2A8A1CB}.Release|Any CPU.ActiveCfg = Release|Any CPU
		{B6F15B52-3CCD-40AF-9408-9A49B2A8A1CB}.Release|Any CPU.Build.0 = Release|Any CPU
	EndGlobalSection
	GlobalSection(SolutionProperties) = preSolution
		HideSolutionNode = FALSE
	EndGlobalSection
	GlobalSection(ExtensibilityGlobals) = postSolution
		SolutionGuid = {E315CC5B-222C-493E-9890-7576A0791C35}
	EndGlobalSection
EndGlobal
